
Microsoft Visual Studio Solution File, Format Version 12.00
# Visual Studio 2012
Project("{FAE04EC0-301F-11D3-BF4B-00C04F79EFBC}") = "Pharmacy Management System", "Pharmacy Management System\Pharmacy Management System.csproj", "{ED152D31-4E3F-4C8D-AD48-CF09EBB8347B}"
EndProject
Global
	GlobalSection(SolutionConfigurationPlatforms) = preSolution
		Debug|Any CPU = Debug|Any CPU
		Release|Any CPU = Release|Any CPU
	EndGlobalSection
	GlobalSection(ProjectConfigurationPlatforms) = postSolution
		{ED152D31-4E3F-4C8D-AD48-CF09EBB8347B}.Debug|Any CPU.ActiveCfg = Debug|Any CPU
		{ED152D31-4E3F-4C8D-AD48-CF09EBB8347B}.Debug|Any CPU.Build.0 = Debug|Any CPU
		{ED152D31-4E3F-4C8D-AD48-CF09EBB8347B}.Release|Any CPU.ActiveCfg = Release|Any CPU
		{ED152D31-4E3F-4C8D-AD48-CF09EBB8347B}.Release|Any CPU.Build.0 = Release|Any CPU
	EndGlobalSection
	GlobalSection(SolutionProperties) = preSolution
		HideSolutionNode = FALSE
	EndGlobalSection
EndGlobal
